
Microsoft Visual Studio Solution File, Format Version 12.00
# Visual Studio Version 16
VisualStudioVersion = 25.0.1706.4
MinimumVisualStudioVersion = 10.0.40219.1
Project("{FAE04EC0-301F-11D3-BF4B-00C04F79EFBC}") = "BookStore", "BookStore\BookStore.csproj", "{3CC68F97-E3E3-4FE5-8559-32A9C12D821B}"
EndProject
Global
	GlobalSection(SolutionConfigurationPlatforms) = preSolution
		Debug|Any CPU = Debug|Any CPU
		Release|Any CPU = Release|Any CPU
	EndGlobalSection
	GlobalSection(ProjectConfigurationPlatforms) = postSolution
		{3CC68F97-E3E3-4FE5-8559-32A9C12D821B}.Debug|Any CPU.ActiveCfg = Debug|Any CPU
		{3CC68F97-E3E3-4FE5-8559-32A9C12D821B}.Debug|Any CPU.Build.0 = Debug|Any CPU
		{3CC68F97-E3E3-4FE5-8559-32A9C12D821B}.Release|Any CPU.ActiveCfg = Release|Any CPU
		{3CC68F97-E3E3-4FE5-8559-32A9C12D821B}.Release|Any CPU.Build.0 = Release|Any CPU
	EndGlobalSection
	GlobalSection(SolutionProperties) = preSolution
		HideSolutionNode = FALSE
	EndGlobalSection
	GlobalSection(ExtensibilityGlobals) = postSolution
		SolutionGuid = {C6F807C5-C40F-46DD-A2A6-EE40EDA0DCD1}
	EndGlobalSection
EndGlobal
